// !$*UTF8*$!
{
	archiveVersion = 1;
	classes = {
	};
	objectVersion = 50;
	objects = {

/* Begin PBXBuildFile section */
		CE2C62E5246E136D00C1D25A /* AppDelegate.m in Sources */ = {isa = PBXBuildFile; fileRef = CE2C62E4246E136D00C1D25A /* AppDelegate.m */; };
		CE2C62E8246E136D00C1D25A /* SceneDelegate.m in Sources */ = {isa = PBXBuildFile; fileRef = CE2C62E7246E136D00C1D25A /* SceneDelegate.m */; };
		CE2C62EB246E136D00C1D25A /* ViewController.m in Sources */ = {isa = PBXBuildFile; fileRef = CE2C62EA246E136D00C1D25A /* ViewController.m */; };
		CE2C62EE246E136D00C1D25A /* Main.storyboard in Resources */ = {isa = PBXBuildFile; fileRef = CE2C62EC246E136D00C1D25A /* Main.storyboard */; };
		CE2C62F0246E137100C1D25A /* Assets.xcassets in Resources */ = {isa = PBXBuildFile; fileRef = CE2C62EF246E137100C1D25A /* Assets.xcassets */; };
		CE2C62F3246E137100C1D25A /* LaunchScreen.storyboard in Resources */ = {isa = PBXBuildFile; fileRef = CE2C62F1246E137100C1D25A /* LaunchScreen.storyboard */; };
		CE2C62F6246E137100C1D25A /* main.m in Sources */ = {isa = PBXBuildFile; fileRef = CE2C62F5246E137100C1D25A /* main.m */; };
/* End PBXBuildFile section */

/* Begin PBXFileReference section */
		CE2C62E0246E136D00C1D25A /* CitySearch.app */ = {isa = PBXFileReference; explicitFileType = wrapper.application; includeInIndex = 0; path = CitySearch.app; sourceTree = BUILT_PRODUCTS_DIR; };
		CE2C62E3246E136D00C1D25A /* AppDelegate.h */ = {isa = PBXFileReference; lastKnownFileType = sourcecode.c.h; path = AppDelegate.h; sourceTree = "<group>"; };
		CE2C62E4246E136D00C1D25A /* AppDelegate.m */ = {isa = PBXFileReference; lastKnownFileType = sourcecode.c.objc; path = AppDelegate.m; sourceTree = "<group>"; };
		CE2C62E6246E136D00C1D25A /* SceneDelegate.h */ = {isa = PBXFileReference; lastKnownFileType = sourcecode.c.h; path = SceneDelegate.h; sourceTree = "<group>"; };
		CE2C62E7246E136D00C1D25A /* SceneDelegate.m */ = {isa = PBXFileReference; lastKnownFileType = sourcecode.c.objc; path = SceneDelegate.m; sourceTree = "<group>"; };
		CE2C62E9246E136D00C1D25A /* ViewController.h */ = {isa = PBXFileReference; lastKnownFileType = sourcecode.c.h; path = ViewController.h; sourceTree = "<group>"; };
		CE2C62EA246E136D00C1D25A /* ViewController.m */ = {isa = PBXFileReference; lastKnownFileType = sourcecode.c.objc; path = ViewController.m; sourceTree = "<group>"; };
		CE2C62ED246E136D00C1D25A /* Base */ = {isa = PBXFileReference; lastKnownFileType = file.storyboard; name = Base; path = Base.lproj/Main.storyboard; sourceTree = "<group>"; };
		CE2C62EF246E137100C1D25A /* Assets.xcassets */ = {isa = PBXFileReference; lastKnownFileType = folder.assetcatalog; path = Assets.xcassets; sourceTree = "<group>"; };
		CE2C62F2246E137100C1D25A /* Base */ = {isa = PBXFileReference; lastKnownFileType = file.storyboard; name = Base; path = Base.lproj/LaunchScreen.storyboard; sourceTree = "<group>"; };
		CE2C62F4246E137100C1D25A /* Info.plist */ = {isa = PBXFileReference; lastKnownFileType = text.plist.xml; path = Info.plist; sourceTree = "<group>"; };
		CE2C62F5246E137100C1D25A /* main.m */ = {isa = PBXFileReference; lastKnownFileType = sourcecode.c.objc; path = main.m; sourceTree = "<group>"; };
/* End PBXFileReference section */

/* Begin PBXFrameworksBuildPhase section */
		CE2C62DD246E136D00C1D25A /* Frameworks */ = {
			isa = PBXFrameworksBuildPhase;
			buildActionMask = 2147483647;
			files = (
			);
			runOnlyForDeploymentPostprocessing = 0;
		};
/* End PBXFrameworksBuildPhase section */

/* Begin PBXGroup section */
		CE2C62D7246E136D00C1D25A = {
			isa = PBXGroup;
			children = (
				CE2C62E2246E136D00C1D25A /* CitySearch */,
				CE2C62E1246E136D00C1D25A /* Products */,
			);
			sourceTree = "<group>";
		};
		CE2C62E1246E136D00C1D25A /* Products */ = {
			isa = PBXGroup;
			children = (
				CE2C62E0246E136D00C1D25A /* CitySearch.app */,
			);
			name = Products;
			sourceTree = "<group>";
		};
		CE2C62E2246E136D00C1D25A /* CitySearch */ = {
			isa = PBXGroup;
			children = (
				CE2C62E3246E136D00C1D25A /* AppDelegate.h */,
				CE2C62E4246E136D00C1D25A /* AppDelegate.m */,
				CE2C62E6246E136D00C1D25A /* SceneDelegate.h */,
				CE2C62E7246E136D00C1D25A /* SceneDelegate.m */,
				CE2C62E9246E136D00C1D25A /* ViewController.h */,
				CE2C62EA246E136D00C1D25A /* ViewController.m */,
				CE2C62EC246E136D00C1D25A /* Main.storyboard */,
				CE2C62EF246E137100C1D25A /* Assets.xcassets */,
				CE2C62F1246E137100C1D25A /* LaunchScreen.storyboard */,
				CE2C62F4246E137100C1D25A /* Info.plist */,
				CE2C62F5246E137100C1D25A /* main.m */,
			);
			path = CitySearch;
			sourceTree = "<group>";
		};
/* End PBXGroup section */

/* Begin PBXNativeTarget section */
		CE2C62DF246E136D00C1D25A /* CitySearch */ = {
			isa = PBXNativeTarget;
			buildConfigurationList = CE2C62F9246E137100C1D25A /* Build configuration list for PBXNativeTarget "CitySearch" */;
			buildPhases = (
				CE2C62DC246E136D00C1D25A /* Sources */,
				CE2C62DD246E136D00C1D25A /* Frameworks */,
				CE2C62DE246E136D00C1D25A /* Resources */,
			);
			buildRules = (
			);
			dependencies = (
			);
			name = CitySearch;
			productName = CitySearch;
			productReference = CE2C62E0246E136D00C1D25A /* CitySearch.app */;
			productType = "com.apple.product-type.application";
		};
/* End PBXNativeTarget section */

/* Begin PBXProject section */
		CE2C62D8246E136D00C1D25A /* Project object */ = {
			isa = PBXProject;
			attributes = {
				LastUpgradeCheck = 1130;
				ORGANIZATIONNAME = "Daniel Coleman";
				TargetAttributes = {
					CE2C62DF246E136D00C1D25A = {
						CreatedOnToolsVersion = 11.3.1;
					};
				};
			};
			buildConfigurationList = CE2C62DB246E136D00C1D25A /* Build configuration list for PBXProject "CitySearch" */;
			compatibilityVersion = "Xcode 9.3";
			developmentRegion = en;
			hasScannedForEncodings = 0;
			knownRegions = (
				en,
				Base,
			);
			mainGroup = CE2C62D7246E136D00C1D25A;
			productRefGroup = CE2C62E1246E136D00C1D25A /* Products */;
			projectDirPath = "";
			projectRoot = "";
			targets = (
				CE2C62DF246E136D00C1D25A /* CitySearch */,
			);
		};
/* End PBXProject section */

/* Begin PBXResourcesBuildPhase section */
		CE2C62DE246E136D00C1D25A /* Resources */ = {
			isa = PBXResourcesBuildPhase;
			buildActionMask = 2147483647;
			files = (
				CE2C62F3246E137100C1D25A /* LaunchScreen.storyboard in Resources */,
				CE2C62F0246E137100C1D25A /* Assets.xcassets in Resources */,
				CE2C62EE246E136D00C1D25A /* Main.storyboard in Resources */,
			);
			runOnlyForDeploymentPostprocessing = 0;
		};
/* End PBXResourcesBuildPhase section */

/* Begin PBXSourcesBuildPhase section */
		CE2C62DC246E136D00C1D25A /* Sources */ = {
			isa = PBXSourcesBuildPhase;
			buildActionMask = 2147483647;
			files = (
				CE2C62EB246E136D00C1D25A /* ViewController.m in Sources */,
				CE2C62E5246E136D00C1D25A /* AppDelegate.m in Sources */,
				CE2C62F6246E137100C1D25A /* main.m in Sources */,
				CE2C62E8246E136D00C1D25A /* SceneDelegate.m in Sources */,
			);
			runOnlyForDeploymentPostprocessing = 0;
		};
/* End PBXSourcesBuildPhase section */

/* Begin PBXVariantGroup section */
		CE2C62EC246E136D00C1D25A /* Main.storyboard */ = {
			isa = PBXVariantGroup;
			children = (
				CE2C62ED246E136D00C1D25A /* Base */,
			);
			name = Main.storyboard;
			sourceTree = "<group>";
		};
		CE2C62F1246E137100C1D25A /* LaunchScreen.storyboard */ = {
			isa = PBXVariantGroup;
			children = (
				CE2C62F2246E137100C1D25A /* Base */,
			);
			name = LaunchScreen.storyboard;
			sourceTree = "<group>";
		};
/* End PBXVariantGroup section */

/* Begin XCBuildConfiguration section */
		CE2C62F7246E137100C1D25A /* Debug */ = {
			isa = XCBuildConfiguration;
			buildSettings = {
				ALWAYS_SEARCH_USER_PATHS = NO;
				CLANG_ANALYZER_NONNULL = YES;
				CLANG_ANALYZER_NUMBER_OBJECT_CONVERSION = YES_AGGRESSIVE;
				CLANG_CXX_LANGUAGE_STANDARD = "gnu++14";
				CLANG_CXX_LIBRARY = "libc++";
				CLANG_ENABLE_MODULES = YES;
				CLANG_ENABLE_OBJC_ARC = YES;
				CLANG_ENABLE_OBJC_WEAK = YES;
				CLANG_WARN_BLOCK_CAPTURE_AUTORELEASING = YES;
				CLANG_WARN_BOOL_CONVERSION = YES;
				CLANG_WARN_COMMA = YES;
				CLANG_WARN_CONSTANT_CONVERSION = YES;
				CLANG_WARN_DEPRECATED_OBJC_IMPLEMENTATIONS = YES;
				CLANG_WARN_DIRECT_OBJC_ISA_USAGE = YES_ERROR;
				CLANG_WARN_DOCUMENTATION_COMMENTS = YES;
				CLANG_WARN_EMPTY_BODY = YES;
				CLANG_WARN_ENUM_CONVERSION = YES;
				CLANG_WARN_INFINITE_RECURSION = YES;
				CLANG_WARN_INT_CONVERSION = YES;
				CLANG_WARN_NON_LITERAL_NULL_CONVERSION = YES;
				CLANG_WARN_OBJC_IMPLICIT_RETAIN_SELF = YES;
				CLANG_WARN_OBJC_LITERAL_CONVERSION = YES;
				CLANG_WARN_OBJC_ROOT_CLASS = YES_ERROR;
				CLANG_WARN_RANGE_LOOP_ANALYSIS = YES;
				CLANG_WARN_STRICT_PROTOTYPES = YES;
				CLANG_WARN_SUSPICIOUS_MOVE = YES;
				CLANG_WARN_UNGUARDED_AVAILABILITY = YES_AGGRESSIVE;
				CLANG_WARN_UNREACHABLE_CODE = YES;
				CLANG_WARN__DUPLICATE_METHOD_MATCH = YES;
				COPY_PHASE_STRIP = NO;
				DEBUG_INFORMATION_FORMAT = dwarf;
				ENABLE_STRICT_OBJC_MSGSEND = YES;
				ENABLE_TESTABILITY = YES;
				GCC_C_LANGUAGE_STANDARD = gnu11;
				GCC_DYNAMIC_NO_PIC = NO;
				GCC_NO_COMMON_BLOCKS = YES;
				GCC_OPTIMIZATION_LEVEL = 0;
				GCC_PREPROCESSOR_DEFINITIONS = (
					"DEBUG=1",
					"$(inherited)",
				);
				GCC_WARN_64_TO_32_BIT_CONVERSION = YES;
				GCC_WARN_ABOUT_RETURN_TYPE = YES_ERROR;
				GCC_WARN_UNDECLARED_SELECTOR = YES;
				GCC_WARN_UNINITIALIZED_AUTOS = YES_AGGRESSIVE;
				GCC_WARN_UNUSED_FUNCTION = YES;
				GCC_WARN_UNUSED_VARIABLE = YES;
				IPHONEOS_DEPLOYMENT_TARGET = 13.2;
				MTL_ENABLE_DEBUG_INFO = INCLUDE_SOURCE;
				MTL_FAST_MATH = YES;
				ONLY_ACTIVE_ARCH = YES;
				SDKROOT = iphoneos;
			};
			name = Debug;
		};
		CE2C62F8246E137100C1D25A /* Release */ = {
			isa = XCBuildConfiguration;
			buildSettings = {
				ALWAYS_SEARCH_USER_PATHS = NO;
				CLANG_ANALYZER_NONNULL = YES;
				CLANG_ANALYZER_NUMBER_OBJECT_CONVERSION = YES_AGGRESSIVE;
				CLANG_CXX_LANGUAGE_STANDARD = "gnu++14";
				CLANG_CXX_LIBRARY = "libc++";
				CLANG_ENABLE_MODULES = YES;
				CLANG_ENABLE_OBJC_ARC = YES;
				CLANG_ENABLE_OBJC_WEAK = YES;
				CLANG_WARN_BLOCK_CAPTURE_AUTORELEASING = YES;
				CLANG_WARN_BOOL_CONVERSION = YES;
				CLANG_WARN_COMMA = YES;
				CLANG_WARN_CONSTANT_CONVERSION = YES;
				CLANG_WARN_DEPRECATED_OBJC_IMPLEMENTATIONS = YES;
				CLANG_WARN_DIRECT_OBJC_ISA_USAGE = YES_ERROR;
				CLANG_WARN_DOCUMENTATION_COMMENTS = YES;
				CLANG_WARN_EMPTY_BODY = YES;
				CLANG_WARN_ENUM_CONVERSION = YES;
				CLANG_WARN_INFINITE_RECURSION = YES;
				CLANG_WARN_INT_CONVERSION = YES;
				CLANG_WARN_NON_LITERAL_NULL_CONVERSION = YES;
				CLANG_WARN_OBJC_IMPLICIT_RETAIN_SELF = YES;
				CLANG_WARN_OBJC_LITERAL_CONVERSION = YES;
				CLANG_WARN_OBJC_ROOT_CLASS = YES_ERROR;
				CLANG_WARN_RANGE_LOOP_ANALYSIS = YES;
				CLANG_WARN_STRICT_PROTOTYPES = YES;
				CLANG_WARN_SUSPICIOUS_MOVE = YES;
				CLANG_WARN_UNGUARDED_AVAILABILITY = YES_AGGRESSIVE;
				CLANG_WARN_UNREACHABLE_CODE = YES;
				CLANG_WARN__DUPLICATE_METHOD_MATCH = YES;
				COPY_PHASE_STRIP = NO;
				DEBUG_INFORMATION_FORMAT = "dwarf-with-dsym";
				ENABLE_NS_ASSERTIONS = NO;
				ENABLE_STRICT_OBJC_MSGSEND = YES;
				GCC_C_LANGUAGE_STANDARD = gnu11;
				GCC_NO_COMMON_BLOCKS = YES;
				GCC_WARN_64_TO_32_BIT_CONVERSION = YES;
				GCC_WARN_ABOUT_RETURN_TYPE = YES_ERROR;
				GCC_WARN_UNDECLARED_SELECTOR = YES;
				GCC_WARN_UNINITIALIZED_AUTOS = YES_AGGRESSIVE;
				GCC_WARN_UNUSED_FUNCTION = YES;
				GCC_WARN_UNUSED_VARIABLE = YES;
				IPHONEOS_DEPLOYMENT_TARGET = 13.2;
				MTL_ENABLE_DEBUG_INFO = NO;
				MTL_FAST_MATH = YES;
				SDKROOT = iphoneos;
				VALIDATE_PRODUCT = YES;
			};
			name = Release;
		};
		CE2C62FA246E137100C1D25A /* Debug */ = {
			isa = XCBuildConfiguration;
			buildSettings = {
				ASSETCATALOG_COMPILER_APPICON_NAME = AppIcon;
				CODE_SIGN_STYLE = Automatic;
				DEVELOPMENT_TEAM = HL982MYB9F;
				INFOPLIST_FILE = CitySearch/Info.plist;
				LD_RUNPATH_SEARCH_PATHS = (
					"$(inherited)",
					"@executable_path/Frameworks",
				);
				PRODUCT_BUNDLE_IDENTIFIER = com.dancorp.CitySearch;
				PRODUCT_NAME = "$(TARGET_NAME)";
				TARGETED_DEVICE_FAMILY = "1,2";
			};
			name = Debug;
		};
		CE2C62FB246E137100C1D25A /* Release */ = {
			isa = XCBuildConfiguration;
			buildSettings = {
				ASSETCATALOG_COMPILER_APPICON_NAME = AppIcon;
				CODE_SIGN_STYLE = Automatic;
				DEVELOPMENT_TEAM = HL982MYB9F;
				INFOPLIST_FILE = CitySearch/Info.plist;
				LD_RUNPATH_SEARCH_PATHS = (
					"$(inherited)",
					"@executable_path/Frameworks",
				);
				PRODUCT_BUNDLE_IDENTIFIER = com.dancorp.CitySearch;
				PRODUCT_NAME = "$(TARGET_NAME)";
				TARGETED_DEVICE_FAMILY = "1,2";
			};
			name = Release;
		};
/* End XCBuildConfiguration section */

/* Begin XCConfigurationList section */
		CE2C62DB246E136D00C1D25A /* Build configuration list for PBXProject "CitySearch" */ = {
			isa = XCConfigurationList;
			buildConfigurations = (
				CE2C62F7246E137100C1D25A /* Debug */,
				CE2C62F8246E137100C1D25A /* Release */,
			);
			defaultConfigurationIsVisible = 0;
			defaultConfigurationName = Release;
		};
		CE2C62F9246E137100C1D25A /* Build configuration list for PBXNativeTarget "CitySearch" */ = {
			isa = XCConfigurationList;
			buildConfigurations = (
				CE2C62FA246E137100C1D25A /* Debug */,
				CE2C62FB246E137100C1D25A /* Release */,
			);
			defaultConfigurationIsVisible = 0;
			defaultConfigurationName = Release;
		};
/* End XCConfigurationList section */
	};
	rootObject = CE2C62D8246E136D00C1D25A /* Project object */;
}
